{
  "originHash" : "78cab916a64cdd4f4345cfb66486d10594dd4afa1269e435b24b8e8bcb457c8e",
  "pins" : [
    {
      "identity" : "ddmathparser",
      "kind" : "remoteSourceControl",
      "location" : "https://github.com/davedelong/DDMathParser.git",
      "state" : {
        "revision" : "0a159109e2393c3e1db4e2b638009c82e6650b4d",
        "version" : "3.1.0"
      }
    },
    {
      "identity" : "graphviz",
      "kind" : "remoteSourceControl",
      "location" : "https://github.com/SwiftDocOrg/GraphViz.git",
      "state" : {
        "revision" : "74b6cbd8c5ecea9f64d84c4e1c88d65604dd033f",
        "version" : "0.4.1"
      }
    },
    {
      "identity" : "libssh2prebuild",
      "kind" : "remoteSourceControl",
      "location" : "https://github.com/migueldeicaza/Libssh2Prebuild",
      "state" : {
        "branch" : "master",
        "revision" : "2b9a34880aa7906a76872ac03077ea5aa313c72b"
      }
    },
    {
      "identity" : "shake-ios",
      "kind" : "remoteSourceControl",
      "location" : "https://github.com/shakebugs/shake-ios",
      "state" : {
        "branch" : "master",
        "revision" : "c94e4c9437f1c1f8090f494a80ef7a1345f5fa1c"
      }
    },
    {
      "identity" : "swiftgraph",
      "kind" : "remoteSourceControl",
      "location" : "https://github.com/davecom/SwiftGraph.git",
      "state" : {
        "revision" : "76b5180a5cc32eda7f5236a756f4c1e0936311c6",
        "version" : "3.1.0"
      }
    },
    {
      "identity" : "swiftterm",
      "kind" : "remoteSourceControl",
      "location" : "https://github.com/migueldeicaza/SwiftTerm.git",
      "state" : {
        "branch" : "main",
        "revision" : "7976db83cbc8729c3b1ade6aa9cf990445164354"
      }
    },
    {
      "identity" : "swiftui-introspect",
      "kind" : "remoteSourceControl",
      "location" : "https://github.com/siteline/SwiftUI-Introspect.git",
      "state" : {
        "revision" : "f2616860a41f9d9932da412a8978fec79c06fe24",
        "version" : "0.1.4"
      }
    }
  ],
  "version" : 3
}
